
Microsoft Visual Studio Solution File, Format Version 11.00
# Visual Studio 2010
Project("{FAE04EC0-301F-11D3-BF4B-00C04F79EFBC}") = "csimages", "csimages\csimages.csproj", "{8148F715-D765-41E1-9D04-2DE70472C055}"
EndProject
Global
	GlobalSection(SolutionConfigurationPlatforms) = preSolution
		Debug|x86 = Debug|x86
		Release|x86 = Release|x86
	EndGlobalSection
	GlobalSection(ProjectConfigurationPlatforms) = postSolution
		{8148F715-D765-41E1-9D04-2DE70472C055}.Debug|x86.ActiveCfg = Debug|x86
		{8148F715-D765-41E1-9D04-2DE70472C055}.Debug|x86.Build.0 = Debug|x86
		{8148F715-D765-41E1-9D04-2DE70472C055}.Release|x86.ActiveCfg = Release|x86
		{8148F715-D765-41E1-9D04-2DE70472C055}.Release|x86.Build.0 = Release|x86
	EndGlobalSection
	GlobalSection(SolutionProperties) = preSolution
		HideSolutionNode = FALSE
	EndGlobalSection
EndGlobal
